
Microsoft Visual Studio Solution File, Format Version 12.00
# Visual Studio Version 17
VisualStudioVersion = 17.5.002.0
MinimumVisualStudioVersion = 10.0.40219.1
Project("{9A19103F-16F7-4668-BE54-9A1E7A4F7556}") = "Recursao", "Recursao\Recursao.csproj", "{3461D1BB-431D-4956-8721-A6DBDBF1BC3E}"
EndProject
Project("{FAE04EC0-301F-11D3-BF4B-00C04F79EFBC}") = "Aula-10", "Aula-10\Aula-10.csproj", "{AFD343F8-A9EB-4641-A3B0-2CA9293D1C5A}"
EndProject
Project("{FAE04EC0-301F-11D3-BF4B-00C04F79EFBC}") = "AulaOrdenacao", "AulaOrdenacao\AulaOrdenacao.csproj", "{4FB02778-C815-4D44-833D-08696D49E552}"
EndProject
Project("{FAE04EC0-301F-11D3-BF4B-00C04F79EFBC}") = "DadosAbstratos", "DadosAbstratos\DadosAbstratos.csproj", "{F4FCE3F6-7F61-4022-90DC-7DB2C135A52F}"
EndProject
Project("{FAE04EC0-301F-11D3-BF4B-00C04F79EFBC}") = "Aula_15_OO", "Aula_15_OO\Aula_15_OO.csproj", "{CF3613EC-8DFD-444B-9308-83A86940C16D}"
EndProject
Project("{FAE04EC0-301F-11D3-BF4B-00C04F79EFBC}") = "Aula_16_OO", "Aula_16_OO\Aula_16_OO.csproj", "{0F5D8DE2-5C63-4922-83DF-CB8923D0C214}"
EndProject
Project("{FAE04EC0-301F-11D3-BF4B-00C04F79EFBC}") = "Heranca_Animal", "Heranca_Animal\Heranca_Animal.csproj", "{72B2FE3F-7983-4CBC-9A77-5AEDE139F2B3}"
EndProject
Project("{FAE04EC0-301F-11D3-BF4B-00C04F79EFBC}") = "Aula_18_OO", "Aula_18_OO\Aula_18_OO.csproj", "{427CC2B6-1CF3-456A-B214-869E4B8FAD39}"
EndProject
Project("{FAE04EC0-301F-11D3-BF4B-00C04F79EFBC}") = "ExercicioClasseAbstrata", "ExercicioClasseAbstrata\ExercicioClasseAbstrata.csproj", "{4E69A328-0C35-4ED1-BF88-1FAE949D356C}"
EndProject
Project("{FAE04EC0-301F-11D3-BF4B-00C04F79EFBC}") = "ExercicioClasseAbstrata2", "ExercicioClasseAbstrata2\ExercicioClasseAbstrata2.csproj", "{9DCD3DE2-1F3C-4817-947F-094BA77FC618}"
EndProject
Project("{FAE04EC0-301F-11D3-BF4B-00C04F79EFBC}") = "Aula_18_OO_ModificadoresdeAcesso", "Aula_18_OO_ModificadoresdeAcesso\Aula_18_OO_ModificadoresdeAcesso.csproj", "{2394A7DC-B885-480E-9285-5544B8862F1F}"
EndProject
Project("{FAE04EC0-301F-11D3-BF4B-00C04F79EFBC}") = "Aula_18_Encapsulamento", "Aula_18_Encapsulamento\Aula_18_Encapsulamento.csproj", "{CF7B7AA2-3062-442C-BAC0-C801F4111C7B}"
EndProject
Project("{FAE04EC0-301F-11D3-BF4B-00C04F79EFBC}") = "Desafio_OO_Banco", "Desafio_OO_Banco\Desafio_OO_Banco.csproj", "{CCAD9E95-43D2-4C47-AED9-1571C56C3FEC}"
EndProject
Project("{FAE04EC0-301F-11D3-BF4B-00C04F79EFBC}") = "Aula_19_OO_Interface", "Aula_19_OO_Interface\Aula_19_OO_Interface.csproj", "{30EEC8E8-6707-4FB9-9076-9FC167C3CF7B}"
EndProject
Project("{FAE04EC0-301F-11D3-BF4B-00C04F79EFBC}") = "Aula_19_OO_Relacoes", "Aula_19_OO_Relacoes\Aula_19_OO_Relacoes.csproj", "{1EC0D454-60C8-4F11-AC54-86B85D26C099}"
EndProject
Project("{FAE04EC0-301F-11D3-BF4B-00C04F79EFBC}") = "Aula_20_OO_UML", "Aula_20_OO_UML\Aula_20_OO_UML.csproj", "{DF90B540-B64A-4830-B512-A8E72F133F51}"
EndProject
Project("{FAE04EC0-301F-11D3-BF4B-00C04F79EFBC}") = "Desafio-Biblioteca", "Desafio-Biblioteca\Desafio-Biblioteca.csproj", "{6926FC66-99AC-4FA2-AA21-071607318B0A}"
EndProject
Project("{FAE04EC0-301F-11D3-BF4B-00C04F79EFBC}") = "ListaDeExercicios02_01", "ListaDeExercicios02_01\ListaDeExercicios02_01.csproj", "{76C3C315-2DBB-4016-A45C-36CD29ABD843}"
EndProject
Global
	GlobalSection(SolutionConfigurationPlatforms) = preSolution
		Debug|Any CPU = Debug|Any CPU
		Release|Any CPU = Release|Any CPU
	EndGlobalSection
	GlobalSection(ProjectConfigurationPlatforms) = postSolution
		{3461D1BB-431D-4956-8721-A6DBDBF1BC3E}.Debug|Any CPU.ActiveCfg = Debug|Any CPU
		{3461D1BB-431D-4956-8721-A6DBDBF1BC3E}.Debug|Any CPU.Build.0 = Debug|Any CPU
		{3461D1BB-431D-4956-8721-A6DBDBF1BC3E}.Release|Any CPU.ActiveCfg = Release|Any CPU
		{3461D1BB-431D-4956-8721-A6DBDBF1BC3E}.Release|Any CPU.Build.0 = Release|Any CPU
		{AFD343F8-A9EB-4641-A3B0-2CA9293D1C5A}.Debug|Any CPU.ActiveCfg = Debug|Any CPU
		{AFD343F8-A9EB-4641-A3B0-2CA9293D1C5A}.Debug|Any CPU.Build.0 = Debug|Any CPU
		{AFD343F8-A9EB-4641-A3B0-2CA9293D1C5A}.Release|Any CPU.ActiveCfg = Release|Any CPU
		{AFD343F8-A9EB-4641-A3B0-2CA9293D1C5A}.Release|Any CPU.Build.0 = Release|Any CPU
		{4FB02778-C815-4D44-833D-08696D49E552}.Debug|Any CPU.ActiveCfg = Debug|Any CPU
		{4FB02778-C815-4D44-833D-08696D49E552}.Debug|Any CPU.Build.0 = Debug|Any CPU
		{4FB02778-C815-4D44-833D-08696D49E552}.Release|Any CPU.ActiveCfg = Release|Any CPU
		{4FB02778-C815-4D44-833D-08696D49E552}.Release|Any CPU.Build.0 = Release|Any CPU
		{F4FCE3F6-7F61-4022-90DC-7DB2C135A52F}.Debug|Any CPU.ActiveCfg = Debug|Any CPU
		{F4FCE3F6-7F61-4022-90DC-7DB2C135A52F}.Debug|Any CPU.Build.0 = Debug|Any CPU
		{F4FCE3F6-7F61-4022-90DC-7DB2C135A52F}.Release|Any CPU.ActiveCfg = Release|Any CPU
		{F4FCE3F6-7F61-4022-90DC-7DB2C135A52F}.Release|Any CPU.Build.0 = Release|Any CPU
		{CF3613EC-8DFD-444B-9308-83A86940C16D}.Debug|Any CPU.ActiveCfg = Debug|Any CPU
		{CF3613EC-8DFD-444B-9308-83A86940C16D}.Debug|Any CPU.Build.0 = Debug|Any CPU
		{CF3613EC-8DFD-444B-9308-83A86940C16D}.Release|Any CPU.ActiveCfg = Release|Any CPU
		{CF3613EC-8DFD-444B-9308-83A86940C16D}.Release|Any CPU.Build.0 = Release|Any CPU
		{0F5D8DE2-5C63-4922-83DF-CB8923D0C214}.Debug|Any CPU.ActiveCfg = Debug|Any CPU
		{0F5D8DE2-5C63-4922-83DF-CB8923D0C214}.Debug|Any CPU.Build.0 = Debug|Any CPU
		{0F5D8DE2-5C63-4922-83DF-CB8923D0C214}.Release|Any CPU.ActiveCfg = Release|Any CPU
		{0F5D8DE2-5C63-4922-83DF-CB8923D0C214}.Release|Any CPU.Build.0 = Release|Any CPU
		{72B2FE3F-7983-4CBC-9A77-5AEDE139F2B3}.Debug|Any CPU.ActiveCfg = Debug|Any CPU
		{72B2FE3F-7983-4CBC-9A77-5AEDE139F2B3}.Debug|Any CPU.Build.0 = Debug|Any CPU
		{72B2FE3F-7983-4CBC-9A77-5AEDE139F2B3}.Release|Any CPU.ActiveCfg = Release|Any CPU
		{72B2FE3F-7983-4CBC-9A77-5AEDE139F2B3}.Release|Any CPU.Build.0 = Release|Any CPU
		{427CC2B6-1CF3-456A-B214-869E4B8FAD39}.Debug|Any CPU.ActiveCfg = Debug|Any CPU
		{427CC2B6-1CF3-456A-B214-869E4B8FAD39}.Debug|Any CPU.Build.0 = Debug|Any CPU
		{427CC2B6-1CF3-456A-B214-869E4B8FAD39}.Release|Any CPU.ActiveCfg = Release|Any CPU
		{427CC2B6-1CF3-456A-B214-869E4B8FAD39}.Release|Any CPU.Build.0 = Release|Any CPU
		{4E69A328-0C35-4ED1-BF88-1FAE949D356C}.Debug|Any CPU.ActiveCfg = Debug|Any CPU
		{4E69A328-0C35-4ED1-BF88-1FAE949D356C}.Debug|Any CPU.Build.0 = Debug|Any CPU
		{4E69A328-0C35-4ED1-BF88-1FAE949D356C}.Release|Any CPU.ActiveCfg = Release|Any CPU
		{4E69A328-0C35-4ED1-BF88-1FAE949D356C}.Release|Any CPU.Build.0 = Release|Any CPU
		{9DCD3DE2-1F3C-4817-947F-094BA77FC618}.Debug|Any CPU.ActiveCfg = Debug|Any CPU
		{9DCD3DE2-1F3C-4817-947F-094BA77FC618}.Debug|Any CPU.Build.0 = Debug|Any CPU
		{9DCD3DE2-1F3C-4817-947F-094BA77FC618}.Release|Any CPU.ActiveCfg = Release|Any CPU
		{9DCD3DE2-1F3C-4817-947F-094BA77FC618}.Release|Any CPU.Build.0 = Release|Any CPU
		{2394A7DC-B885-480E-9285-5544B8862F1F}.Debug|Any CPU.ActiveCfg = Debug|Any CPU
		{2394A7DC-B885-480E-9285-5544B8862F1F}.Debug|Any CPU.Build.0 = Debug|Any CPU
		{2394A7DC-B885-480E-9285-5544B8862F1F}.Release|Any CPU.ActiveCfg = Release|Any CPU
		{2394A7DC-B885-480E-9285-5544B8862F1F}.Release|Any CPU.Build.0 = Release|Any CPU
		{CF7B7AA2-3062-442C-BAC0-C801F4111C7B}.Debug|Any CPU.ActiveCfg = Debug|Any CPU
		{CF7B7AA2-3062-442C-BAC0-C801F4111C7B}.Debug|Any CPU.Build.0 = Debug|Any CPU
		{CF7B7AA2-3062-442C-BAC0-C801F4111C7B}.Release|Any CPU.ActiveCfg = Release|Any CPU
		{CF7B7AA2-3062-442C-BAC0-C801F4111C7B}.Release|Any CPU.Build.0 = Release|Any CPU
		{CCAD9E95-43D2-4C47-AED9-1571C56C3FEC}.Debug|Any CPU.ActiveCfg = Debug|Any CPU
		{CCAD9E95-43D2-4C47-AED9-1571C56C3FEC}.Debug|Any CPU.Build.0 = Debug|Any CPU
		{CCAD9E95-43D2-4C47-AED9-1571C56C3FEC}.Release|Any CPU.ActiveCfg = Release|Any CPU
		{CCAD9E95-43D2-4C47-AED9-1571C56C3FEC}.Release|Any CPU.Build.0 = Release|Any CPU
		{30EEC8E8-6707-4FB9-9076-9FC167C3CF7B}.Debug|Any CPU.ActiveCfg = Debug|Any CPU
		{30EEC8E8-6707-4FB9-9076-9FC167C3CF7B}.Debug|Any CPU.Build.0 = Debug|Any CPU
		{30EEC8E8-6707-4FB9-9076-9FC167C3CF7B}.Release|Any CPU.ActiveCfg = Release|Any CPU
		{30EEC8E8-6707-4FB9-9076-9FC167C3CF7B}.Release|Any CPU.Build.0 = Release|Any CPU
		{1EC0D454-60C8-4F11-AC54-86B85D26C099}.Debug|Any CPU.ActiveCfg = Debug|Any CPU
		{1EC0D454-60C8-4F11-AC54-86B85D26C099}.Debug|Any CPU.Build.0 = Debug|Any CPU
		{1EC0D454-60C8-4F11-AC54-86B85D26C099}.Release|Any CPU.ActiveCfg = Release|Any CPU
		{1EC0D454-60C8-4F11-AC54-86B85D26C099}.Release|Any CPU.Build.0 = Release|Any CPU
		{DF90B540-B64A-4830-B512-A8E72F133F51}.Debug|Any CPU.ActiveCfg = Debug|Any CPU
		{DF90B540-B64A-4830-B512-A8E72F133F51}.Debug|Any CPU.Build.0 = Debug|Any CPU
		{DF90B540-B64A-4830-B512-A8E72F133F51}.Release|Any CPU.ActiveCfg = Release|Any CPU
		{DF90B540-B64A-4830-B512-A8E72F133F51}.Release|Any CPU.Build.0 = Release|Any CPU
		{6926FC66-99AC-4FA2-AA21-071607318B0A}.Debug|Any CPU.ActiveCfg = Debug|Any CPU
		{6926FC66-99AC-4FA2-AA21-071607318B0A}.Debug|Any CPU.Build.0 = Debug|Any CPU
		{6926FC66-99AC-4FA2-AA21-071607318B0A}.Release|Any CPU.ActiveCfg = Release|Any CPU
		{6926FC66-99AC-4FA2-AA21-071607318B0A}.Release|Any CPU.Build.0 = Release|Any CPU
		{76C3C315-2DBB-4016-A45C-36CD29ABD843}.Debug|Any CPU.ActiveCfg = Debug|Any CPU
		{76C3C315-2DBB-4016-A45C-36CD29ABD843}.Debug|Any CPU.Build.0 = Debug|Any CPU
		{76C3C315-2DBB-4016-A45C-36CD29ABD843}.Release|Any CPU.ActiveCfg = Release|Any CPU
		{76C3C315-2DBB-4016-A45C-36CD29ABD843}.Release|Any CPU.Build.0 = Release|Any CPU
	EndGlobalSection
	GlobalSection(SolutionProperties) = preSolution
		HideSolutionNode = FALSE
	EndGlobalSection
	GlobalSection(ExtensibilityGlobals) = postSolution
		SolutionGuid = {6253F382-99EB-4E5C-BFC4-67A4BE496FDF}
	EndGlobalSection
EndGlobal
