
Microsoft Visual Studio Solution File, Format Version 12.00
# Visual Studio Version 17
VisualStudioVersion = 17.5.002.0
MinimumVisualStudioVersion = 10.0.40219.1
Project("{9A19103F-16F7-4668-BE54-9A1E7A4F7556}") = "Projeto", "Projeto.csproj", "{9C641B24-FE98-4BF4-BCD8-7312A26A28E8}"
EndProject
Global
	GlobalSection(SolutionConfigurationPlatforms) = preSolution
		Debug|Any CPU = Debug|Any CPU
		Release|Any CPU = Release|Any CPU
	EndGlobalSection
	GlobalSection(ProjectConfigurationPlatforms) = postSolution
		{9C641B24-FE98-4BF4-BCD8-7312A26A28E8}.Debug|Any CPU.ActiveCfg = Debug|Any CPU
		{9C641B24-FE98-4BF4-BCD8-7312A26A28E8}.Debug|Any CPU.Build.0 = Debug|Any CPU
		{9C641B24-FE98-4BF4-BCD8-7312A26A28E8}.Release|Any CPU.ActiveCfg = Release|Any CPU
		{9C641B24-FE98-4BF4-BCD8-7312A26A28E8}.Release|Any CPU.Build.0 = Release|Any CPU
	EndGlobalSection
	GlobalSection(SolutionProperties) = preSolution
		HideSolutionNode = FALSE
	EndGlobalSection
	GlobalSection(ExtensibilityGlobals) = postSolution
		SolutionGuid = {4D3A29B7-10E2-4F1B-9167-E4F83B1224A3}
	EndGlobalSection
EndGlobal
